
Microsoft Visual Studio Solution File, Format Version 12.00
# Visual Studio 15
Project("{FAE04EC0-301F-11D3-BF4B-00C04F79EFBC}") = "C.LABEL-VR", "C.LABEL-VR.csproj", "{39D97D7E-8035-C73B-6A6C-A25A1037AEBD}"
EndProject
Project("{FAE04EC0-301F-11D3-BF4B-00C04F79EFBC}") = "C.LABEL-VR.Plugins", "C.LABEL-VR.Plugins.csproj", "{278B8CD1-6165-392F-ED36-C368938A6C16}"
EndProject
Project("{FAE04EC0-301F-11D3-BF4B-00C04F79EFBC}") = "C.LABEL-VR.Editor", "C.LABEL-VR.Editor.csproj", "{157A4F22-773F-2AB7-78BE-C418EAFC3766}"
EndProject
Global
	GlobalSection(SolutionConfigurationPlatforms) = preSolution
		Debug|Any CPU = Debug|Any CPU
		Release|Any CPU = Release|Any CPU
	EndGlobalSection
	GlobalSection(ProjectConfigurationPlatforms) = postSolution
		{39D97D7E-8035-C73B-6A6C-A25A1037AEBD}.Debug|Any CPU.ActiveCfg = Debug|Any CPU
		{39D97D7E-8035-C73B-6A6C-A25A1037AEBD}.Debug|Any CPU.Build.0 = Debug|Any CPU
		{39D97D7E-8035-C73B-6A6C-A25A1037AEBD}.Release|Any CPU.ActiveCfg = Release|Any CPU
		{39D97D7E-8035-C73B-6A6C-A25A1037AEBD}.Release|Any CPU.Build.0 = Release|Any CPU
		{278B8CD1-6165-392F-ED36-C368938A6C16}.Debug|Any CPU.ActiveCfg = Debug|Any CPU
		{278B8CD1-6165-392F-ED36-C368938A6C16}.Debug|Any CPU.Build.0 = Debug|Any CPU
		{278B8CD1-6165-392F-ED36-C368938A6C16}.Release|Any CPU.ActiveCfg = Release|Any CPU
		{278B8CD1-6165-392F-ED36-C368938A6C16}.Release|Any CPU.Build.0 = Release|Any CPU
		{157A4F22-773F-2AB7-78BE-C418EAFC3766}.Debug|Any CPU.ActiveCfg = Debug|Any CPU
		{157A4F22-773F-2AB7-78BE-C418EAFC3766}.Debug|Any CPU.Build.0 = Debug|Any CPU
		{157A4F22-773F-2AB7-78BE-C418EAFC3766}.Release|Any CPU.ActiveCfg = Release|Any CPU
		{157A4F22-773F-2AB7-78BE-C418EAFC3766}.Release|Any CPU.Build.0 = Release|Any CPU
	EndGlobalSection
	GlobalSection(SolutionProperties) = preSolution
		HideSolutionNode = FALSE
	EndGlobalSection
EndGlobal
